
Microsoft Visual Studio Solution File, Format Version 12.00
# Visual Studio 15
VisualStudioVersion = 15.0.27703.2042
MinimumVisualStudioVersion = 10.0.40219.1
Project("{9A19103F-16F7-4668-BE54-9A1E7A4F7556}") = "Comminity.Extensions.Caching", "Comminity.Extensions.Caching\Comminity.Extensions.Caching.csproj", "{13B7F2DD-0EC7-4861-A2A2-6E7067D46CBD}"
EndProject
Project("{FAE04EC0-301F-11D3-BF4B-00C04F79EFBC}") = "Comminity.Extensions.Caching.Tests", "Comminity.Extensions.Caching.Tests\Comminity.Extensions.Caching.Tests.csproj", "{398A5C23-E7F0-4376-9A13-E79F95F37067}"
EndProject
Global
	GlobalSection(SolutionConfigurationPlatforms) = preSolution
		Debug|Any CPU = Debug|Any CPU
		Release|Any CPU = Release|Any CPU
	EndGlobalSection
	GlobalSection(ProjectConfigurationPlatforms) = postSolution
		{13B7F2DD-0EC7-4861-A2A2-6E7067D46CBD}.Debug|Any CPU.ActiveCfg = Debug|Any CPU
		{13B7F2DD-0EC7-4861-A2A2-6E7067D46CBD}.Debug|Any CPU.Build.0 = Debug|Any CPU
		{13B7F2DD-0EC7-4861-A2A2-6E7067D46CBD}.Release|Any CPU.ActiveCfg = Release|Any CPU
		{13B7F2DD-0EC7-4861-A2A2-6E7067D46CBD}.Release|Any CPU.Build.0 = Release|Any CPU
		{398A5C23-E7F0-4376-9A13-E79F95F37067}.Debug|Any CPU.ActiveCfg = Debug|Any CPU
		{398A5C23-E7F0-4376-9A13-E79F95F37067}.Debug|Any CPU.Build.0 = Debug|Any CPU
		{398A5C23-E7F0-4376-9A13-E79F95F37067}.Release|Any CPU.ActiveCfg = Release|Any CPU
		{398A5C23-E7F0-4376-9A13-E79F95F37067}.Release|Any CPU.Build.0 = Release|Any CPU
	EndGlobalSection
	GlobalSection(SolutionProperties) = preSolution
		HideSolutionNode = FALSE
	EndGlobalSection
	GlobalSection(ExtensibilityGlobals) = postSolution
		SolutionGuid = {C0B94F27-5730-470E-AEFD-ED8BCD9996B0}
	EndGlobalSection
EndGlobal
